
Microsoft Visual Studio Solution File, Format Version 12.00
# Visual Studio Version 16
VisualStudioVersion = 25.0.1705.0
MinimumVisualStudioVersion = 10.0.40219.1
Project("{FAE04EC0-301F-11D3-BF4B-00C04F79EFBC}") = "Teste Fiotec", "Teste Fiotec\Teste Fiotec.csproj", "{78C39571-D521-40F7-933A-DFA2449E4A1E}"
EndProject
Global
	GlobalSection(SolutionConfigurationPlatforms) = preSolution
		Debug|Any CPU = Debug|Any CPU
		Release|Any CPU = Release|Any CPU
	EndGlobalSection
	GlobalSection(ProjectConfigurationPlatforms) = postSolution
		{78C39571-D521-40F7-933A-DFA2449E4A1E}.Debug|Any CPU.ActiveCfg = Debug|Any CPU
		{78C39571-D521-40F7-933A-DFA2449E4A1E}.Debug|Any CPU.Build.0 = Debug|Any CPU
		{78C39571-D521-40F7-933A-DFA2449E4A1E}.Release|Any CPU.ActiveCfg = Release|Any CPU
		{78C39571-D521-40F7-933A-DFA2449E4A1E}.Release|Any CPU.Build.0 = Release|Any CPU
	EndGlobalSection
	GlobalSection(SolutionProperties) = preSolution
		HideSolutionNode = FALSE
	EndGlobalSection
	GlobalSection(ExtensibilityGlobals) = postSolution
		SolutionGuid = {5EABE459-16DE-4887-A7A1-968FCDF49BB2}
	EndGlobalSection
EndGlobal
